
Microsoft Visual Studio Solution File, Format Version 12.00
# Visual Studio 14
VisualStudioVersion = 14.0.25123.0
MinimumVisualStudioVersion = 10.0.40219.1
Project("{FAE04EC0-301F-11D3-BF4B-00C04F79EFBC}") = "BankAPI", "BankAPI\BankAPI.csproj", "{4F376ABE-7D07-4DA6-840E-A862E9455F70}"
EndProject
Project("{FAE04EC0-301F-11D3-BF4B-00C04F79EFBC}") = "BankAPITestProject", "BankAPITestProject\BankAPITestProject.csproj", "{EEC23F39-4211-4811-9C0E-1D4F039F6D19}"
EndProject
Global
	GlobalSection(SolutionConfigurationPlatforms) = preSolution
		Debug|Any CPU = Debug|Any CPU
		Release|Any CPU = Release|Any CPU
	EndGlobalSection
	GlobalSection(ProjectConfigurationPlatforms) = postSolution
		{4F376ABE-7D07-4DA6-840E-A862E9455F70}.Debug|Any CPU.ActiveCfg = Debug|Any CPU
		{4F376ABE-7D07-4DA6-840E-A862E9455F70}.Debug|Any CPU.Build.0 = Debug|Any CPU
		{4F376ABE-7D07-4DA6-840E-A862E9455F70}.Release|Any CPU.ActiveCfg = Release|Any CPU
		{4F376ABE-7D07-4DA6-840E-A862E9455F70}.Release|Any CPU.Build.0 = Release|Any CPU
		{EEC23F39-4211-4811-9C0E-1D4F039F6D19}.Debug|Any CPU.ActiveCfg = Debug|Any CPU
		{EEC23F39-4211-4811-9C0E-1D4F039F6D19}.Debug|Any CPU.Build.0 = Debug|Any CPU
		{EEC23F39-4211-4811-9C0E-1D4F039F6D19}.Release|Any CPU.ActiveCfg = Release|Any CPU
		{EEC23F39-4211-4811-9C0E-1D4F039F6D19}.Release|Any CPU.Build.0 = Release|Any CPU
	EndGlobalSection
	GlobalSection(SolutionProperties) = preSolution
		HideSolutionNode = FALSE
	EndGlobalSection
EndGlobal
